// !$*UTF8*$!
{
	archiveVersion = 1;
	classes = {
	};
	objectVersion = 50;
	objects = {

/* Begin PBXBuildFile section */
		5D66796E26EA85480057AA84 /* AppDelegate.swift in Sources */ = {isa = PBXBuildFile; fileRef = 5D66796D26EA85480057AA84 /* AppDelegate.swift */; };
		5D66797026EA85480057AA84 /* SceneDelegate.swift in Sources */ = {isa = PBXBuildFile; fileRef = 5D66796F26EA85480057AA84 /* SceneDelegate.swift */; };
		5D66797226EA85480057AA84 /* ViewController.swift in Sources */ = {isa = PBXBuildFile; fileRef = 5D66797126EA85480057AA84 /* ViewController.swift */; };
		5D66797526EA85480057AA84 /* Main.storyboard in Resources */ = {isa = PBXBuildFile; fileRef = 5D66797326EA85480057AA84 /* Main.storyboard */; };
		5D66797726EA85480057AA84 /* Assets.xcassets in Resources */ = {isa = PBXBuildFile; fileRef = 5D66797626EA85480057AA84 /* Assets.xcassets */; };
		5D66797A26EA85480057AA84 /* LaunchScreen.storyboard in Resources */ = {isa = PBXBuildFile; fileRef = 5D66797826EA85480057AA84 /* LaunchScreen.storyboard */; };
		5D66798426EA9CA50057AA84 /* Toast.swift in Sources */ = {isa = PBXBuildFile; fileRef = 5D66798326EA9CA50057AA84 /* Toast.swift */; };
/* End PBXBuildFile section */

/* Begin PBXFileReference section */
		5D66796A26EA85480057AA84 /* DogsAge_2013829.app */ = {isa = PBXFileReference; explicitFileType = wrapper.application; includeInIndex = 0; path = DogsAge_2013829.app; sourceTree = BUILT_PRODUCTS_DIR; };
		5D66796D26EA85480057AA84 /* AppDelegate.swift */ = {isa = PBXFileReference; lastKnownFileType = sourcecode.swift; path = AppDelegate.swift; sourceTree = "<group>"; };
		5D66796F26EA85480057AA84 /* SceneDelegate.swift */ = {isa = PBXFileReference; lastKnownFileType = sourcecode.swift; path = SceneDelegate.swift; sourceTree = "<group>"; };
		5D66797126EA85480057AA84 /* ViewController.swift */ = {isa = PBXFileReference; lastKnownFileType = sourcecode.swift; path = ViewController.swift; sourceTree = "<group>"; };
		5D66797426EA85480057AA84 /* Base */ = {isa = PBXFileReference; lastKnownFileType = file.storyboard; name = Base; path = Base.lproj/Main.storyboard; sourceTree = "<group>"; };
		5D66797626EA85480057AA84 /* Assets.xcassets */ = {isa = PBXFileReference; lastKnownFileType = folder.assetcatalog; path = Assets.xcassets; sourceTree = "<group>"; };
		5D66797926EA85480057AA84 /* Base */ = {isa = PBXFileReference; lastKnownFileType = file.storyboard; name = Base; path = Base.lproj/LaunchScreen.storyboard; sourceTree = "<group>"; };
		5D66797B26EA85480057AA84 /* Info.plist */ = {isa = PBXFileReference; lastKnownFileType = text.plist.xml; path = Info.plist; sourceTree = "<group>"; };
		5D66798326EA9CA50057AA84 /* Toast.swift */ = {isa = PBXFileReference; fileEncoding = 4; lastKnownFileType = sourcecode.swift; path = Toast.swift; sourceTree = "<group>"; };
/* End PBXFileReference section */

/* Begin PBXFrameworksBuildPhase section */
		5D66796726EA85480057AA84 /* Frameworks */ = {
			isa = PBXFrameworksBuildPhase;
			buildActionMask = 2147483647;
			files = (
			);
			runOnlyForDeploymentPostprocessing = 0;
		};
/* End PBXFrameworksBuildPhase section */

/* Begin PBXGroup section */
		5D66796126EA85480057AA84 = {
			isa = PBXGroup;
			children = (
				5D66796C26EA85480057AA84 /* DogsAge_2013829 */,
				5D66796B26EA85480057AA84 /* Products */,
			);
			sourceTree = "<group>";
		};
		5D66796B26EA85480057AA84 /* Products */ = {
			isa = PBXGroup;
			children = (
				5D66796A26EA85480057AA84 /* DogsAge_2013829.app */,
			);
			name = Products;
			sourceTree = "<group>";
		};
		5D66796C26EA85480057AA84 /* DogsAge_2013829 */ = {
			isa = PBXGroup;
			children = (
				5D66798326EA9CA50057AA84 /* Toast.swift */,
				5D66796D26EA85480057AA84 /* AppDelegate.swift */,
				5D66796F26EA85480057AA84 /* SceneDelegate.swift */,
				5D66797126EA85480057AA84 /* ViewController.swift */,
				5D66797326EA85480057AA84 /* Main.storyboard */,
				5D66797626EA85480057AA84 /* Assets.xcassets */,
				5D66797826EA85480057AA84 /* LaunchScreen.storyboard */,
				5D66797B26EA85480057AA84 /* Info.plist */,
			);
			path = DogsAge_2013829;
			sourceTree = "<group>";
		};
/* End PBXGroup section */

/* Begin PBXNativeTarget section */
		5D66796926EA85480057AA84 /* DogsAge_2013829 */ = {
			isa = PBXNativeTarget;
			buildConfigurationList = 5D66797E26EA85480057AA84 /* Build configuration list for PBXNativeTarget "DogsAge_2013829" */;
			buildPhases = (
				5D66796626EA85480057AA84 /* Sources */,
				5D66796726EA85480057AA84 /* Frameworks */,
				5D66796826EA85480057AA84 /* Resources */,
			);
			buildRules = (
			);
			dependencies = (
			);
			name = DogsAge_2013829;
			productName = DogsAge_2013829;
			productReference = 5D66796A26EA85480057AA84 /* DogsAge_2013829.app */;
			productType = "com.apple.product-type.application";
		};
/* End PBXNativeTarget section */

/* Begin PBXProject section */
		5D66796226EA85480057AA84 /* Project object */ = {
			isa = PBXProject;
			attributes = {
				LastSwiftUpdateCheck = 1230;
				LastUpgradeCheck = 1230;
				TargetAttributes = {
					5D66796926EA85480057AA84 = {
						CreatedOnToolsVersion = 12.3;
					};
				};
			};
			buildConfigurationList = 5D66796526EA85480057AA84 /* Build configuration list for PBXProject "DogsAge_2013829" */;
			compatibilityVersion = "Xcode 9.3";
			developmentRegion = en;
			hasScannedForEncodings = 0;
			knownRegions = (
				en,
				Base,
			);
			mainGroup = 5D66796126EA85480057AA84;
			productRefGroup = 5D66796B26EA85480057AA84 /* Products */;
			projectDirPath = "";
			projectRoot = "";
			targets = (
				5D66796926EA85480057AA84 /* DogsAge_2013829 */,
			);
		};
/* End PBXProject section */

/* Begin PBXResourcesBuildPhase section */
		5D66796826EA85480057AA84 /* Resources */ = {
			isa = PBXResourcesBuildPhase;
			buildActionMask = 2147483647;
			files = (
				5D66797A26EA85480057AA84 /* LaunchScreen.storyboard in Resources */,
				5D66797726EA85480057AA84 /* Assets.xcassets in Resources */,
				5D66797526EA85480057AA84 /* Main.storyboard in Resources */,
			);
			runOnlyForDeploymentPostprocessing = 0;
		};
/* End PBXResourcesBuildPhase section */

/* Begin PBXSourcesBuildPhase section */
		5D66796626EA85480057AA84 /* Sources */ = {
			isa = PBXSourcesBuildPhase;
			buildActionMask = 2147483647;
			files = (
				5D66797226EA85480057AA84 /* ViewController.swift in Sources */,
				5D66798426EA9CA50057AA84 /* Toast.swift in Sources */,
				5D66796E26EA85480057AA84 /* AppDelegate.swift in Sources */,
				5D66797026EA85480057AA84 /* SceneDelegate.swift in Sources */,
			);
			runOnlyForDeploymentPostprocessing = 0;
		};
/* End PBXSourcesBuildPhase section */

/* Begin PBXVariantGroup section */
		5D66797326EA85480057AA84 /* Main.storyboard */ = {
			isa = PBXVariantGroup;
			children = (
				5D66797426EA85480057AA84 /* Base */,
			);
			name = Main.storyboard;
			sourceTree = "<group>";
		};
		5D66797826EA85480057AA84 /* LaunchScreen.storyboard */ = {
			isa = PBXVariantGroup;
			children = (
				5D66797926EA85480057AA84 /* Base */,
			);
			name = LaunchScreen.storyboard;
			sourceTree = "<group>";
		};
/* End PBXVariantGroup section */

/* Begin XCBuildConfiguration section */
		5D66797C26EA85480057AA84 /* Debug */ = {
			isa = XCBuildConfiguration;
			buildSettings = {
				ALWAYS_SEARCH_USER_PATHS = NO;
				CLANG_ANALYZER_NONNULL = YES;
				CLANG_ANALYZER_NUMBER_OBJECT_CONVERSION = YES_AGGRESSIVE;
				CLANG_CXX_LANGUAGE_STANDARD = "gnu++14";
				CLANG_CXX_LIBRARY = "libc++";
				CLANG_ENABLE_MODULES = YES;
				CLANG_ENABLE_OBJC_ARC = YES;
				CLANG_ENABLE_OBJC_WEAK = YES;
				CLANG_WARN_BLOCK_CAPTURE_AUTORELEASING = YES;
				CLANG_WARN_BOOL_CONVERSION = YES;
				CLANG_WARN_COMMA = YES;
				CLANG_WARN_CONSTANT_CONVERSION = YES;
				CLANG_WARN_DEPRECATED_OBJC_IMPLEMENTATIONS = YES;
				CLANG_WARN_DIRECT_OBJC_ISA_USAGE = YES_ERROR;
				CLANG_WARN_DOCUMENTATION_COMMENTS = YES;
				CLANG_WARN_EMPTY_BODY = YES;
				CLANG_WARN_ENUM_CONVERSION = YES;
				CLANG_WARN_INFINITE_RECURSION = YES;
				CLANG_WARN_INT_CONVERSION = YES;
				CLANG_WARN_NON_LITERAL_NULL_CONVERSION = YES;
				CLANG_WARN_OBJC_IMPLICIT_RETAIN_SELF = YES;
				CLANG_WARN_OBJC_LITERAL_CONVERSION = YES;
				CLANG_WARN_OBJC_ROOT_CLASS = YES_ERROR;
				CLANG_WARN_QUOTED_INCLUDE_IN_FRAMEWORK_HEADER = YES;
				CLANG_WARN_RANGE_LOOP_ANALYSIS = YES;
				CLANG_WARN_STRICT_PROTOTYPES = YES;
				CLANG_WARN_SUSPICIOUS_MOVE = YES;
				CLANG_WARN_UNGUARDED_AVAILABILITY = YES_AGGRESSIVE;
				CLANG_WARN_UNREACHABLE_CODE = YES;
				CLANG_WARN__DUPLICATE_METHOD_MATCH = YES;
				COPY_PHASE_STRIP = NO;
				DEBUG_INFORMATION_FORMAT = dwarf;
				ENABLE_STRICT_OBJC_MSGSEND = YES;
				ENABLE_TESTABILITY = YES;
				GCC_C_LANGUAGE_STANDARD = gnu11;
				GCC_DYNAMIC_NO_PIC = NO;
				GCC_NO_COMMON_BLOCKS = YES;
				GCC_OPTIMIZATION_LEVEL = 0;
				GCC_PREPROCESSOR_DEFINITIONS = (
					"DEBUG=1",
					"$(inherited)",
				);
				GCC_WARN_64_TO_32_BIT_CONVERSION = YES;
				GCC_WARN_ABOUT_RETURN_TYPE = YES_ERROR;
				GCC_WARN_UNDECLARED_SELECTOR = YES;
				GCC_WARN_UNINITIALIZED_AUTOS = YES_AGGRESSIVE;
				GCC_WARN_UNUSED_FUNCTION = YES;
				GCC_WARN_UNUSED_VARIABLE = YES;
				IPHONEOS_DEPLOYMENT_TARGET = 14.3;
				MTL_ENABLE_DEBUG_INFO = INCLUDE_SOURCE;
				MTL_FAST_MATH = YES;
				ONLY_ACTIVE_ARCH = YES;
				SDKROOT = iphoneos;
				SWIFT_ACTIVE_COMPILATION_CONDITIONS = DEBUG;
				SWIFT_OPTIMIZATION_LEVEL = "-Onone";
			};
			name = Debug;
		};
		5D66797D26EA85480057AA84 /* Release */ = {
			isa = XCBuildConfiguration;
			buildSettings = {
				ALWAYS_SEARCH_USER_PATHS = NO;
				CLANG_ANALYZER_NONNULL = YES;
				CLANG_ANALYZER_NUMBER_OBJECT_CONVERSION = YES_AGGRESSIVE;
				CLANG_CXX_LANGUAGE_STANDARD = "gnu++14";
				CLANG_CXX_LIBRARY = "libc++";
				CLANG_ENABLE_MODULES = YES;
				CLANG_ENABLE_OBJC_ARC = YES;
				CLANG_ENABLE_OBJC_WEAK = YES;
				CLANG_WARN_BLOCK_CAPTURE_AUTORELEASING = YES;
				CLANG_WARN_BOOL_CONVERSION = YES;
				CLANG_WARN_COMMA = YES;
				CLANG_WARN_CONSTANT_CONVERSION = YES;
				CLANG_WARN_DEPRECATED_OBJC_IMPLEMENTATIONS = YES;
				CLANG_WARN_DIRECT_OBJC_ISA_USAGE = YES_ERROR;
				CLANG_WARN_DOCUMENTATION_COMMENTS = YES;
				CLANG_WARN_EMPTY_BODY = YES;
				CLANG_WARN_ENUM_CONVERSION = YES;
				CLANG_WARN_INFINITE_RECURSION = YES;
				CLANG_WARN_INT_CONVERSION = YES;
				CLANG_WARN_NON_LITERAL_NULL_CONVERSION = YES;
				CLANG_WARN_OBJC_IMPLICIT_RETAIN_SELF = YES;
				CLANG_WARN_OBJC_LITERAL_CONVERSION = YES;
				CLANG_WARN_OBJC_ROOT_CLASS = YES_ERROR;
				CLANG_WARN_QUOTED_INCLUDE_IN_FRAMEWORK_HEADER = YES;
				CLANG_WARN_RANGE_LOOP_ANALYSIS = YES;
				CLANG_WARN_STRICT_PROTOTYPES = YES;
				CLANG_WARN_SUSPICIOUS_MOVE = YES;
				CLANG_WARN_UNGUARDED_AVAILABILITY = YES_AGGRESSIVE;
				CLANG_WARN_UNREACHABLE_CODE = YES;
				CLANG_WARN__DUPLICATE_METHOD_MATCH = YES;
				COPY_PHASE_STRIP = NO;
				DEBUG_INFORMATION_FORMAT = "dwarf-with-dsym";
				ENABLE_NS_ASSERTIONS = NO;
				ENABLE_STRICT_OBJC_MSGSEND = YES;
				GCC_C_LANGUAGE_STANDARD = gnu11;
				GCC_NO_COMMON_BLOCKS = YES;
				GCC_WARN_64_TO_32_BIT_CONVERSION = YES;
				GCC_WARN_ABOUT_RETURN_TYPE = YES_ERROR;
				GCC_WARN_UNDECLARED_SELECTOR = YES;
				GCC_WARN_UNINITIALIZED_AUTOS = YES_AGGRESSIVE;
				GCC_WARN_UNUSED_FUNCTION = YES;
				GCC_WARN_UNUSED_VARIABLE = YES;
				IPHONEOS_DEPLOYMENT_TARGET = 14.3;
				MTL_ENABLE_DEBUG_INFO = NO;
				MTL_FAST_MATH = YES;
				SDKROOT = iphoneos;
				SWIFT_COMPILATION_MODE = wholemodule;
				SWIFT_OPTIMIZATION_LEVEL = "-O";
				VALIDATE_PRODUCT = YES;
			};
			name = Release;
		};
		5D66797F26EA85480057AA84 /* Debug */ = {
			isa = XCBuildConfiguration;
			buildSettings = {
				ASSETCATALOG_COMPILER_APPICON_NAME = AppIcon;
				ASSETCATALOG_COMPILER_GLOBAL_ACCENT_COLOR_NAME = AccentColor;
				CODE_SIGN_STYLE = Automatic;
				INFOPLIST_FILE = DogsAge_2013829/Info.plist;
				LD_RUNPATH_SEARCH_PATHS = (
					"$(inherited)",
					"@executable_path/Frameworks",
				);
				PRODUCT_BUNDLE_IDENTIFIER = "Tejvir-Dhami.DogsAge-2013829";
				PRODUCT_NAME = "$(TARGET_NAME)";
				SWIFT_VERSION = 5.0;
				TARGETED_DEVICE_FAMILY = "1,2";
			};
			name = Debug;
		};
		5D66798026EA85480057AA84 /* Release */ = {
			isa = XCBuildConfiguration;
			buildSettings = {
				ASSETCATALOG_COMPILER_APPICON_NAME = AppIcon;
				ASSETCATALOG_COMPILER_GLOBAL_ACCENT_COLOR_NAME = AccentColor;
				CODE_SIGN_STYLE = Automatic;
				INFOPLIST_FILE = DogsAge_2013829/Info.plist;
				LD_RUNPATH_SEARCH_PATHS = (
					"$(inherited)",
					"@executable_path/Frameworks",
				);
				PRODUCT_BUNDLE_IDENTIFIER = "Tejvir-Dhami.DogsAge-2013829";
				PRODUCT_NAME = "$(TARGET_NAME)";
				SWIFT_VERSION = 5.0;
				TARGETED_DEVICE_FAMILY = "1,2";
			};
			name = Release;
		};
/* End XCBuildConfiguration section */

/* Begin XCConfigurationList section */
		5D66796526EA85480057AA84 /* Build configuration list for PBXProject "DogsAge_2013829" */ = {
			isa = XCConfigurationList;
			buildConfigurations = (
				5D66797C26EA85480057AA84 /* Debug */,
				5D66797D26EA85480057AA84 /* Release */,
			);
			defaultConfigurationIsVisible = 0;
			defaultConfigurationName = Release;
		};
		5D66797E26EA85480057AA84 /* Build configuration list for PBXNativeTarget "DogsAge_2013829" */ = {
			isa = XCConfigurationList;
			buildConfigurations = (
				5D66797F26EA85480057AA84 /* Debug */,
				5D66798026EA85480057AA84 /* Release */,
			);
			defaultConfigurationIsVisible = 0;
			defaultConfigurationName = Release;
		};
/* End XCConfigurationList section */
	};
	rootObject = 5D66796226EA85480057AA84 /* Project object */;
}
